// !$*UTF8*$!
{
	archiveVersion = 1;
	classes = {
	};
	objectVersion = 50;
	objects = {

/* Begin PBXBuildFile section */
		7AA53C1C219A97DD0030C10F /* CategoryViewController.swift in Sources */ = {isa = PBXBuildFile; fileRef = 7AA53C1B219A97DD0030C10F /* CategoryViewController.swift */; };
		7AA53C20219BE82D0030C10F /* Item.swift in Sources */ = {isa = PBXBuildFile; fileRef = 7AA53C1F219BE82D0030C10F /* Item.swift */; };
		7AA53C22219BE83F0030C10F /* Category.swift in Sources */ = {isa = PBXBuildFile; fileRef = 7AA53C21219BE83F0030C10F /* Category.swift */; };
		7AD129F22197724F0027660C /* AppDelegate.swift in Sources */ = {isa = PBXBuildFile; fileRef = 7AD129F12197724F0027660C /* AppDelegate.swift */; };
		7AD129F42197724F0027660C /* TodoListViewController.swift in Sources */ = {isa = PBXBuildFile; fileRef = 7AD129F32197724F0027660C /* TodoListViewController.swift */; };
		7AD129F72197724F0027660C /* Main.storyboard in Resources */ = {isa = PBXBuildFile; fileRef = 7AD129F52197724F0027660C /* Main.storyboard */; };
		7AD129F92197724F0027660C /* Assets.xcassets in Resources */ = {isa = PBXBuildFile; fileRef = 7AD129F82197724F0027660C /* Assets.xcassets */; };
		7AD129FC2197724F0027660C /* LaunchScreen.storyboard in Resources */ = {isa = PBXBuildFile; fileRef = 7AD129FA2197724F0027660C /* LaunchScreen.storyboard */; };
		F62873650B8C2DE8E93161B0 /* Pods_Todoey.framework in Frameworks */ = {isa = PBXBuildFile; fileRef = 13562A5472C9C1A759FD7945 /* Pods_Todoey.framework */; };
/* End PBXBuildFile section */

/* Begin PBXFileReference section */
		13562A5472C9C1A759FD7945 /* Pods_Todoey.framework */ = {isa = PBXFileReference; explicitFileType = wrapper.framework; includeInIndex = 0; path = Pods_Todoey.framework; sourceTree = BUILT_PRODUCTS_DIR; };
		6DBE56FEFEEE4028C39FAC43 /* Pods-Todoey.release.xcconfig */ = {isa = PBXFileReference; includeInIndex = 1; lastKnownFileType = text.xcconfig; name = "Pods-Todoey.release.xcconfig"; path = "Pods/Target Support Files/Pods-Todoey/Pods-Todoey.release.xcconfig"; sourceTree = "<group>"; };
		7AA53C1B219A97DD0030C10F /* CategoryViewController.swift */ = {isa = PBXFileReference; lastKnownFileType = sourcecode.swift; path = CategoryViewController.swift; sourceTree = "<group>"; };
		7AA53C1F219BE82D0030C10F /* Item.swift */ = {isa = PBXFileReference; lastKnownFileType = sourcecode.swift; path = Item.swift; sourceTree = "<group>"; };
		7AA53C21219BE83F0030C10F /* Category.swift */ = {isa = PBXFileReference; lastKnownFileType = sourcecode.swift; path = Category.swift; sourceTree = "<group>"; };
		7AD129EE2197724F0027660C /* Todoey.app */ = {isa = PBXFileReference; explicitFileType = wrapper.application; includeInIndex = 0; path = Todoey.app; sourceTree = BUILT_PRODUCTS_DIR; };
		7AD129F12197724F0027660C /* AppDelegate.swift */ = {isa = PBXFileReference; lastKnownFileType = sourcecode.swift; path = AppDelegate.swift; sourceTree = "<group>"; };
		7AD129F32197724F0027660C /* TodoListViewController.swift */ = {isa = PBXFileReference; lastKnownFileType = sourcecode.swift; path = TodoListViewController.swift; sourceTree = "<group>"; };
		7AD129F62197724F0027660C /* Base */ = {isa = PBXFileReference; lastKnownFileType = file.storyboard; name = Base; path = Base.lproj/Main.storyboard; sourceTree = "<group>"; };
		7AD129F82197724F0027660C /* Assets.xcassets */ = {isa = PBXFileReference; lastKnownFileType = folder.assetcatalog; path = Assets.xcassets; sourceTree = "<group>"; };
		7AD129FB2197724F0027660C /* Base */ = {isa = PBXFileReference; lastKnownFileType = file.storyboard; name = Base; path = Base.lproj/LaunchScreen.storyboard; sourceTree = "<group>"; };
		7AD129FD2197724F0027660C /* Info.plist */ = {isa = PBXFileReference; lastKnownFileType = text.plist.xml; path = Info.plist; sourceTree = "<group>"; };
		FDF6229C91C37AF1CCBA795B /* Pods-Todoey.debug.xcconfig */ = {isa = PBXFileReference; includeInIndex = 1; lastKnownFileType = text.xcconfig; name = "Pods-Todoey.debug.xcconfig"; path = "Pods/Target Support Files/Pods-Todoey/Pods-Todoey.debug.xcconfig"; sourceTree = "<group>"; };
/* End PBXFileReference section */

/* Begin PBXFrameworksBuildPhase section */
		7AD129EB2197724F0027660C /* Frameworks */ = {
			isa = PBXFrameworksBuildPhase;
			buildActionMask = 2147483647;
			files = (
				F62873650B8C2DE8E93161B0 /* Pods_Todoey.framework in Frameworks */,
			);
			runOnlyForDeploymentPostprocessing = 0;
		};
/* End PBXFrameworksBuildPhase section */

/* Begin PBXGroup section */
		0ED4EADAF858542949544972 /* Frameworks */ = {
			isa = PBXGroup;
			children = (
				13562A5472C9C1A759FD7945 /* Pods_Todoey.framework */,
			);
			name = Frameworks;
			sourceTree = "<group>";
		};
		628D53E9FED58AB951D476B0 /* Pods */ = {
			isa = PBXGroup;
			children = (
				FDF6229C91C37AF1CCBA795B /* Pods-Todoey.debug.xcconfig */,
				6DBE56FEFEEE4028C39FAC43 /* Pods-Todoey.release.xcconfig */,
			);
			name = Pods;
			sourceTree = "<group>";
		};
		7AD129E52197724F0027660C = {
			isa = PBXGroup;
			children = (
				7AD129F02197724F0027660C /* Todoey */,
				7AD129EF2197724F0027660C /* Products */,
				628D53E9FED58AB951D476B0 /* Pods */,
				0ED4EADAF858542949544972 /* Frameworks */,
			);
			sourceTree = "<group>";
		};
		7AD129EF2197724F0027660C /* Products */ = {
			isa = PBXGroup;
			children = (
				7AD129EE2197724F0027660C /* Todoey.app */,
			);
			name = Products;
			sourceTree = "<group>";
		};
		7AD129F02197724F0027660C /* Todoey */ = {
			isa = PBXGroup;
			children = (
				7AD129F12197724F0027660C /* AppDelegate.swift */,
				7AD12A0D2197FCF50027660C /* Data Model */,
				7AD12A0E2197FD0A0027660C /* Controllers */,
				7AD12A0F2197FD140027660C /* Views */,
				7AD12A102197FD360027660C /* Supporting Files */,
				7AD129FD2197724F0027660C /* Info.plist */,
			);
			path = Todoey;
			sourceTree = "<group>";
		};
		7AD12A0D2197FCF50027660C /* Data Model */ = {
			isa = PBXGroup;
			children = (
				7AA53C21219BE83F0030C10F /* Category.swift */,
				7AA53C1F219BE82D0030C10F /* Item.swift */,
			);
			path = "Data Model";
			sourceTree = "<group>";
		};
		7AD12A0E2197FD0A0027660C /* Controllers */ = {
			isa = PBXGroup;
			children = (
				7AA53C1B219A97DD0030C10F /* CategoryViewController.swift */,
				7AD129F32197724F0027660C /* TodoListViewController.swift */,
			);
			path = Controllers;
			sourceTree = "<group>";
		};
		7AD12A0F2197FD140027660C /* Views */ = {
			isa = PBXGroup;
			children = (
				7AD129F52197724F0027660C /* Main.storyboard */,
			);
			path = Views;
			sourceTree = "<group>";
		};
		7AD12A102197FD360027660C /* Supporting Files */ = {
			isa = PBXGroup;
			children = (
				7AD129F82197724F0027660C /* Assets.xcassets */,
				7AD129FA2197724F0027660C /* LaunchScreen.storyboard */,
			);
			path = "Supporting Files";
			sourceTree = "<group>";
		};
/* End PBXGroup section */

/* Begin PBXNativeTarget section */
		7AD129ED2197724F0027660C /* Todoey */ = {
			isa = PBXNativeTarget;
			buildConfigurationList = 7AD12A002197724F0027660C /* Build configuration list for PBXNativeTarget "Todoey" */;
			buildPhases = (
				93B590CCC49FC865806AAE21 /* [CP] Check Pods Manifest.lock */,
				7AD129EA2197724F0027660C /* Sources */,
				7AD129EB2197724F0027660C /* Frameworks */,
				7AD129EC2197724F0027660C /* Resources */,
				C48E32F03B04C4AF7BF52A29 /* [CP] Embed Pods Frameworks */,
			);
			buildRules = (
			);
			dependencies = (
			);
			name = Todoey;
			productName = Todoey;
			productReference = 7AD129EE2197724F0027660C /* Todoey.app */;
			productType = "com.apple.product-type.application";
		};
/* End PBXNativeTarget section */

/* Begin PBXProject section */
		7AD129E62197724F0027660C /* Project object */ = {
			isa = PBXProject;
			attributes = {
				LastSwiftUpdateCheck = 1010;
				LastUpgradeCheck = 1010;
				ORGANIZATIONNAME = "Red Raven Computing Studios";
				TargetAttributes = {
					7AD129ED2197724F0027660C = {
						CreatedOnToolsVersion = 10.1;
					};
				};
			};
			buildConfigurationList = 7AD129E92197724F0027660C /* Build configuration list for PBXProject "Todoey" */;
			compatibilityVersion = "Xcode 9.3";
			developmentRegion = en;
			hasScannedForEncodings = 0;
			knownRegions = (
				en,
				Base,
			);
			mainGroup = 7AD129E52197724F0027660C;
			productRefGroup = 7AD129EF2197724F0027660C /* Products */;
			projectDirPath = "";
			projectRoot = "";
			targets = (
				7AD129ED2197724F0027660C /* Todoey */,
			);
		};
/* End PBXProject section */

/* Begin PBXResourcesBuildPhase section */
		7AD129EC2197724F0027660C /* Resources */ = {
			isa = PBXResourcesBuildPhase;
			buildActionMask = 2147483647;
			files = (
				7AD129FC2197724F0027660C /* LaunchScreen.storyboard in Resources */,
				7AD129F92197724F0027660C /* Assets.xcassets in Resources */,
				7AD129F72197724F0027660C /* Main.storyboard in Resources */,
			);
			runOnlyForDeploymentPostprocessing = 0;
		};
/* End PBXResourcesBuildPhase section */

/* Begin PBXShellScriptBuildPhase section */
		93B590CCC49FC865806AAE21 /* [CP] Check Pods Manifest.lock */ = {
			isa = PBXShellScriptBuildPhase;
			buildActionMask = 2147483647;
			files = (
			);
			inputFileListPaths = (
			);
			inputPaths = (
				"${PODS_PODFILE_DIR_PATH}/Podfile.lock",
				"${PODS_ROOT}/Manifest.lock",
			);
			name = "[CP] Check Pods Manifest.lock";
			outputFileListPaths = (
			);
			outputPaths = (
				"$(DERIVED_FILE_DIR)/Pods-Todoey-checkManifestLockResult.txt",
			);
			runOnlyForDeploymentPostprocessing = 0;
			shellPath = /bin/sh;
			shellScript = "diff \"${PODS_PODFILE_DIR_PATH}/Podfile.lock\" \"${PODS_ROOT}/Manifest.lock\" > /dev/null\nif [ $? != 0 ] ; then\n    # print error to STDERR\n    echo \"error: The sandbox is not in sync with the Podfile.lock. Run 'pod install' or update your CocoaPods installation.\" >&2\n    exit 1\nfi\n# This output is used by Xcode 'outputs' to avoid re-running this script phase.\necho \"SUCCESS\" > \"${SCRIPT_OUTPUT_FILE_0}\"\n";
			showEnvVarsInLog = 0;
		};
		C48E32F03B04C4AF7BF52A29 /* [CP] Embed Pods Frameworks */ = {
			isa = PBXShellScriptBuildPhase;
			buildActionMask = 2147483647;
			files = (
			);
			inputFileListPaths = (
			);
			inputPaths = (
				"${SRCROOT}/Pods/Target Support Files/Pods-Todoey/Pods-Todoey-frameworks.sh",
				"${BUILT_PRODUCTS_DIR}/Realm/Realm.framework",
				"${BUILT_PRODUCTS_DIR}/RealmSwift/RealmSwift.framework",
			);
			name = "[CP] Embed Pods Frameworks";
			outputFileListPaths = (
			);
			outputPaths = (
				"${TARGET_BUILD_DIR}/${FRAMEWORKS_FOLDER_PATH}/Realm.framework",
				"${TARGET_BUILD_DIR}/${FRAMEWORKS_FOLDER_PATH}/RealmSwift.framework",
			);
			runOnlyForDeploymentPostprocessing = 0;
			shellPath = /bin/sh;
			shellScript = "\"${SRCROOT}/Pods/Target Support Files/Pods-Todoey/Pods-Todoey-frameworks.sh\"\n";
			showEnvVarsInLog = 0;
		};
/* End PBXShellScriptBuildPhase section */

/* Begin PBXSourcesBuildPhase section */
		7AD129EA2197724F0027660C /* Sources */ = {
			isa = PBXSourcesBuildPhase;
			buildActionMask = 2147483647;
			files = (
				7AA53C20219BE82D0030C10F /* Item.swift in Sources */,
				7AA53C1C219A97DD0030C10F /* CategoryViewController.swift in Sources */,
				7AD129F42197724F0027660C /* TodoListViewController.swift in Sources */,
				7AD129F22197724F0027660C /* AppDelegate.swift in Sources */,
				7AA53C22219BE83F0030C10F /* Category.swift in Sources */,
			);
			runOnlyForDeploymentPostprocessing = 0;
		};
/* End PBXSourcesBuildPhase section */

/* Begin PBXVariantGroup section */
		7AD129F52197724F0027660C /* Main.storyboard */ = {
			isa = PBXVariantGroup;
			children = (
				7AD129F62197724F0027660C /* Base */,
			);
			name = Main.storyboard;
			sourceTree = "<group>";
		};
		7AD129FA2197724F0027660C /* LaunchScreen.storyboard */ = {
			isa = PBXVariantGroup;
			children = (
				7AD129FB2197724F0027660C /* Base */,
			);
			name = LaunchScreen.storyboard;
			sourceTree = "<group>";
		};
/* End PBXVariantGroup section */

/* Begin XCBuildConfiguration section */
		7AD129FE2197724F0027660C /* Debug */ = {
			isa = XCBuildConfiguration;
			buildSettings = {
				ALWAYS_SEARCH_USER_PATHS = NO;
				CLANG_ANALYZER_NONNULL = YES;
				CLANG_ANALYZER_NUMBER_OBJECT_CONVERSION = YES_AGGRESSIVE;
				CLANG_CXX_LANGUAGE_STANDARD = "gnu++14";
				CLANG_CXX_LIBRARY = "libc++";
				CLANG_ENABLE_MODULES = YES;
				CLANG_ENABLE_OBJC_ARC = YES;
				CLANG_ENABLE_OBJC_WEAK = YES;
				CLANG_WARN_BLOCK_CAPTURE_AUTORELEASING = YES;
				CLANG_WARN_BOOL_CONVERSION = YES;
				CLANG_WARN_COMMA = YES;
				CLANG_WARN_CONSTANT_CONVERSION = YES;
				CLANG_WARN_DEPRECATED_OBJC_IMPLEMENTATIONS = YES;
				CLANG_WARN_DIRECT_OBJC_ISA_USAGE = YES_ERROR;
				CLANG_WARN_DOCUMENTATION_COMMENTS = YES;
				CLANG_WARN_EMPTY_BODY = YES;
				CLANG_WARN_ENUM_CONVERSION = YES;
				CLANG_WARN_INFINITE_RECURSION = YES;
				CLANG_WARN_INT_CONVERSION = YES;
				CLANG_WARN_NON_LITERAL_NULL_CONVERSION = YES;
				CLANG_WARN_OBJC_IMPLICIT_RETAIN_SELF = YES;
				CLANG_WARN_OBJC_LITERAL_CONVERSION = YES;
				CLANG_WARN_OBJC_ROOT_CLASS = YES_ERROR;
				CLANG_WARN_RANGE_LOOP_ANALYSIS = YES;
				CLANG_WARN_STRICT_PROTOTYPES = YES;
				CLANG_WARN_SUSPICIOUS_MOVE = YES;
				CLANG_WARN_UNGUARDED_AVAILABILITY = YES_AGGRESSIVE;
				CLANG_WARN_UNREACHABLE_CODE = YES;
				CLANG_WARN__DUPLICATE_METHOD_MATCH = YES;
				CODE_SIGN_IDENTITY = "iPhone Developer";
				COPY_PHASE_STRIP = NO;
				DEBUG_INFORMATION_FORMAT = dwarf;
				ENABLE_STRICT_OBJC_MSGSEND = YES;
				ENABLE_TESTABILITY = YES;
				GCC_C_LANGUAGE_STANDARD = gnu11;
				GCC_DYNAMIC_NO_PIC = NO;
				GCC_NO_COMMON_BLOCKS = YES;
				GCC_OPTIMIZATION_LEVEL = 0;
				GCC_PREPROCESSOR_DEFINITIONS = (
					"DEBUG=1",
					"$(inherited)",
				);
				GCC_WARN_64_TO_32_BIT_CONVERSION = YES;
				GCC_WARN_ABOUT_RETURN_TYPE = YES_ERROR;
				GCC_WARN_UNDECLARED_SELECTOR = YES;
				GCC_WARN_UNINITIALIZED_AUTOS = YES_AGGRESSIVE;
				GCC_WARN_UNUSED_FUNCTION = YES;
				GCC_WARN_UNUSED_VARIABLE = YES;
				IPHONEOS_DEPLOYMENT_TARGET = 12.1;
				MTL_ENABLE_DEBUG_INFO = INCLUDE_SOURCE;
				MTL_FAST_MATH = YES;
				ONLY_ACTIVE_ARCH = YES;
				SDKROOT = iphoneos;
				SWIFT_ACTIVE_COMPILATION_CONDITIONS = DEBUG;
				SWIFT_OPTIMIZATION_LEVEL = "-Onone";
			};
			name = Debug;
		};
		7AD129FF2197724F0027660C /* Release */ = {
			isa = XCBuildConfiguration;
			buildSettings = {
				ALWAYS_SEARCH_USER_PATHS = NO;
				CLANG_ANALYZER_NONNULL = YES;
				CLANG_ANALYZER_NUMBER_OBJECT_CONVERSION = YES_AGGRESSIVE;
				CLANG_CXX_LANGUAGE_STANDARD = "gnu++14";
				CLANG_CXX_LIBRARY = "libc++";
				CLANG_ENABLE_MODULES = YES;
				CLANG_ENABLE_OBJC_ARC = YES;
				CLANG_ENABLE_OBJC_WEAK = YES;
				CLANG_WARN_BLOCK_CAPTURE_AUTORELEASING = YES;
				CLANG_WARN_BOOL_CONVERSION = YES;
				CLANG_WARN_COMMA = YES;
				CLANG_WARN_CONSTANT_CONVERSION = YES;
				CLANG_WARN_DEPRECATED_OBJC_IMPLEMENTATIONS = YES;
				CLANG_WARN_DIRECT_OBJC_ISA_USAGE = YES_ERROR;
				CLANG_WARN_DOCUMENTATION_COMMENTS = YES;
				CLANG_WARN_EMPTY_BODY = YES;
				CLANG_WARN_ENUM_CONVERSION = YES;
				CLANG_WARN_INFINITE_RECURSION = YES;
				CLANG_WARN_INT_CONVERSION = YES;
				CLANG_WARN_NON_LITERAL_NULL_CONVERSION = YES;
				CLANG_WARN_OBJC_IMPLICIT_RETAIN_SELF = YES;
				CLANG_WARN_OBJC_LITERAL_CONVERSION = YES;
				CLANG_WARN_OBJC_ROOT_CLASS = YES_ERROR;
				CLANG_WARN_RANGE_LOOP_ANALYSIS = YES;
				CLANG_WARN_STRICT_PROTOTYPES = YES;
				CLANG_WARN_SUSPICIOUS_MOVE = YES;
				CLANG_WARN_UNGUARDED_AVAILABILITY = YES_AGGRESSIVE;
				CLANG_WARN_UNREACHABLE_CODE = YES;
				CLANG_WARN__DUPLICATE_METHOD_MATCH = YES;
				CODE_SIGN_IDENTITY = "iPhone Developer";
				COPY_PHASE_STRIP = NO;
				DEBUG_INFORMATION_FORMAT = "dwarf-with-dsym";
				ENABLE_NS_ASSERTIONS = NO;
				ENABLE_STRICT_OBJC_MSGSEND = YES;
				GCC_C_LANGUAGE_STANDARD = gnu11;
				GCC_NO_COMMON_BLOCKS = YES;
				GCC_WARN_64_TO_32_BIT_CONVERSION = YES;
				GCC_WARN_ABOUT_RETURN_TYPE = YES_ERROR;
				GCC_WARN_UNDECLARED_SELECTOR = YES;
				GCC_WARN_UNINITIALIZED_AUTOS = YES_AGGRESSIVE;
				GCC_WARN_UNUSED_FUNCTION = YES;
				GCC_WARN_UNUSED_VARIABLE = YES;
				IPHONEOS_DEPLOYMENT_TARGET = 12.1;
				MTL_ENABLE_DEBUG_INFO = NO;
				MTL_FAST_MATH = YES;
				SDKROOT = iphoneos;
				SWIFT_COMPILATION_MODE = wholemodule;
				SWIFT_OPTIMIZATION_LEVEL = "-O";
				VALIDATE_PRODUCT = YES;
			};
			name = Release;
		};
		7AD12A012197724F0027660C /* Debug */ = {
			isa = XCBuildConfiguration;
			baseConfigurationReference = FDF6229C91C37AF1CCBA795B /* Pods-Todoey.debug.xcconfig */;
			buildSettings = {
				ASSETCATALOG_COMPILER_APPICON_NAME = AppIcon;
				CODE_SIGN_STYLE = Automatic;
				DEVELOPMENT_TEAM = V3GFNATBC5;
				INFOPLIST_FILE = Todoey/Info.plist;
				LD_RUNPATH_SEARCH_PATHS = (
					"$(inherited)",
					"@executable_path/Frameworks",
				);
				PRODUCT_BUNDLE_IDENTIFIER = com.redravencomputing.Todoey;
				PRODUCT_NAME = "$(TARGET_NAME)";
				SWIFT_VERSION = 4.2;
				TARGETED_DEVICE_FAMILY = "1,2";
			};
			name = Debug;
		};
		7AD12A022197724F0027660C /* Release */ = {
			isa = XCBuildConfiguration;
			baseConfigurationReference = 6DBE56FEFEEE4028C39FAC43 /* Pods-Todoey.release.xcconfig */;
			buildSettings = {
				ASSETCATALOG_COMPILER_APPICON_NAME = AppIcon;
				CODE_SIGN_STYLE = Automatic;
				DEVELOPMENT_TEAM = V3GFNATBC5;
				INFOPLIST_FILE = Todoey/Info.plist;
				LD_RUNPATH_SEARCH_PATHS = (
					"$(inherited)",
					"@executable_path/Frameworks",
				);
				PRODUCT_BUNDLE_IDENTIFIER = com.redravencomputing.Todoey;
				PRODUCT_NAME = "$(TARGET_NAME)";
				SWIFT_VERSION = 4.2;
				TARGETED_DEVICE_FAMILY = "1,2";
			};
			name = Release;
		};
/* End XCBuildConfiguration section */

/* Begin XCConfigurationList section */
		7AD129E92197724F0027660C /* Build configuration list for PBXProject "Todoey" */ = {
			isa = XCConfigurationList;
			buildConfigurations = (
				7AD129FE2197724F0027660C /* Debug */,
				7AD129FF2197724F0027660C /* Release */,
			);
			defaultConfigurationIsVisible = 0;
			defaultConfigurationName = Release;
		};
		7AD12A002197724F0027660C /* Build configuration list for PBXNativeTarget "Todoey" */ = {
			isa = XCConfigurationList;
			buildConfigurations = (
				7AD12A012197724F0027660C /* Debug */,
				7AD12A022197724F0027660C /* Release */,
			);
			defaultConfigurationIsVisible = 0;
			defaultConfigurationName = Release;
		};
/* End XCConfigurationList section */
	};
	rootObject = 7AD129E62197724F0027660C /* Project object */;
}
